on:
  workflow_dispatch:
  schedule:
  - cron: '0 0 * * *'

permissions:
  contents: write
  pull-requests: write

jobs:
  lockfile:
    runs-on: ubuntu-latest
    steps:
    - uses: actions/checkout@v4\
    - run: |
        git config user.name "$GITHUB_ACTOR"
        git config user.email "$GITHUB_ACTOR@users.noreply.github.com"
    - uses: DeterminateSystems/nix-installer-action@main
    - uses: DeterminateSystems/update-flake-lock@main
      id: update
      with:
        commit-msg: "chore(flake): bump inputs"
        pr-title: "chore(flake): bump inputs"
        token: ${{ steps.get-token.outputs.token }}
    - run: "gh pr merge --auto --merge ${{ steps.update.outputs.pull-request-number }}"
      env:
        GH_TOKEN: ${{ github.token }}
